
Microsoft Visual Studio Solution File, Format Version 12.00
# Visual Studio Version 17
VisualStudioVersion = 17.0.31919.166
MinimumVisualStudioVersion = 10.0.40219.1
Project("{9A19103F-16F7-4668-BE54-9A1E7A4F7556}") = "MarsRovers", "src\MarsRovers.App\MarsRovers.csproj", "{CEA40210-2C69-4153-93C4-093DE8A7BAEF}"
EndProject
Project("{9A19103F-16F7-4668-BE54-9A1E7A4F7556}") = "MarsRovers.Test", "test\MarsRovers.Test\MarsRovers.Test.csproj", "{F7A9F79D-FA0A-4E22-81F8-D284FDF93B5F}"
EndProject
Global
	GlobalSection(SolutionConfigurationPlatforms) = preSolution
		Debug|Any CPU = Debug|Any CPU
		Release|Any CPU = Release|Any CPU
	EndGlobalSection
	GlobalSection(ProjectConfigurationPlatforms) = postSolution
		{CEA40210-2C69-4153-93C4-093DE8A7BAEF}.Debug|Any CPU.ActiveCfg = Debug|Any CPU
		{CEA40210-2C69-4153-93C4-093DE8A7BAEF}.Debug|Any CPU.Build.0 = Debug|Any CPU
		{CEA40210-2C69-4153-93C4-093DE8A7BAEF}.Release|Any CPU.ActiveCfg = Release|Any CPU
		{CEA40210-2C69-4153-93C4-093DE8A7BAEF}.Release|Any CPU.Build.0 = Release|Any CPU
		{F7A9F79D-FA0A-4E22-81F8-D284FDF93B5F}.Debug|Any CPU.ActiveCfg = Debug|Any CPU
		{F7A9F79D-FA0A-4E22-81F8-D284FDF93B5F}.Debug|Any CPU.Build.0 = Debug|Any CPU
		{F7A9F79D-FA0A-4E22-81F8-D284FDF93B5F}.Release|Any CPU.ActiveCfg = Release|Any CPU
		{F7A9F79D-FA0A-4E22-81F8-D284FDF93B5F}.Release|Any CPU.Build.0 = Release|Any CPU
	EndGlobalSection
	GlobalSection(SolutionProperties) = preSolution
		HideSolutionNode = FALSE
	EndGlobalSection
	GlobalSection(ExtensibilityGlobals) = postSolution
		SolutionGuid = {FC47E236-3E2C-4C15-B995-596836FD70D2}
	EndGlobalSection
EndGlobal
